
Microsoft Visual Studio Solution File, Format Version 12.00
# Visual Studio 15
VisualStudioVersion = 15.0.27130.2036
MinimumVisualStudioVersion = 10.0.40219.1
Project("{FAE04EC0-301F-11D3-BF4B-00C04F79EFBC}") = "PowerBallWebApp", "PowerBallWebApp\PowerBallWebApp.csproj", "{9EFC90F9-88BE-42A1-B069-378D8224709A}"
EndProject
Global
	GlobalSection(SolutionConfigurationPlatforms) = preSolution
		Debug|Any CPU = Debug|Any CPU
		Release|Any CPU = Release|Any CPU
	EndGlobalSection
	GlobalSection(ProjectConfigurationPlatforms) = postSolution
		{9EFC90F9-88BE-42A1-B069-378D8224709A}.Debug|Any CPU.ActiveCfg = Debug|Any CPU
		{9EFC90F9-88BE-42A1-B069-378D8224709A}.Debug|Any CPU.Build.0 = Debug|Any CPU
		{9EFC90F9-88BE-42A1-B069-378D8224709A}.Release|Any CPU.ActiveCfg = Release|Any CPU
		{9EFC90F9-88BE-42A1-B069-378D8224709A}.Release|Any CPU.Build.0 = Release|Any CPU
	EndGlobalSection
	GlobalSection(SolutionProperties) = preSolution
		HideSolutionNode = FALSE
	EndGlobalSection
	GlobalSection(ExtensibilityGlobals) = postSolution
		SolutionGuid = {043A6FFA-A889-4730-805C-90107E6A6721}
	EndGlobalSection
EndGlobal
