
Microsoft Visual Studio Solution File, Format Version 12.00
# Visual Studio 15
VisualStudioVersion = 15.0.27130.2020
MinimumVisualStudioVersion = 10.0.40219.1
Project("{FAE04EC0-301F-11D3-BF4B-00C04F79EFBC}") = "SGBank.UI", "SGBank.UI\SGBank.UI.csproj", "{0120D8E0-F952-4246-AED6-F2F9172E59B7}"
EndProject
Project("{FAE04EC0-301F-11D3-BF4B-00C04F79EFBC}") = "SGBank.Models", "SGBank.Models\SGBank.Models.csproj", "{D0C579C4-1964-4DDB-9210-464DA04797C8}"
EndProject
Project("{FAE04EC0-301F-11D3-BF4B-00C04F79EFBC}") = "SGBank.BLL", "SGBank.BLL\SGBank.BLL.csproj", "{AA41C9CC-5D5C-4F48-909A-C0690D390216}"
EndProject
Project("{FAE04EC0-301F-11D3-BF4B-00C04F79EFBC}") = "SGBank.Data", "SGBank.Data\SGBank.Data.csproj", "{6C8A58F2-0D85-47B7-9CF5-90654C0B216A}"
EndProject
Project("{FAE04EC0-301F-11D3-BF4B-00C04F79EFBC}") = "SGBank.Tests", "SGBank.Tests\SGBank.Tests.csproj", "{44155309-5B97-45D4-90F7-40138C30136E}"
EndProject
Global
	GlobalSection(SolutionConfigurationPlatforms) = preSolution
		Debug|Any CPU = Debug|Any CPU
		Release|Any CPU = Release|Any CPU
	EndGlobalSection
	GlobalSection(ProjectConfigurationPlatforms) = postSolution
		{0120D8E0-F952-4246-AED6-F2F9172E59B7}.Debug|Any CPU.ActiveCfg = Debug|Any CPU
		{0120D8E0-F952-4246-AED6-F2F9172E59B7}.Debug|Any CPU.Build.0 = Debug|Any CPU
		{0120D8E0-F952-4246-AED6-F2F9172E59B7}.Release|Any CPU.ActiveCfg = Release|Any CPU
		{0120D8E0-F952-4246-AED6-F2F9172E59B7}.Release|Any CPU.Build.0 = Release|Any CPU
		{D0C579C4-1964-4DDB-9210-464DA04797C8}.Debug|Any CPU.ActiveCfg = Debug|Any CPU
		{D0C579C4-1964-4DDB-9210-464DA04797C8}.Debug|Any CPU.Build.0 = Debug|Any CPU
		{D0C579C4-1964-4DDB-9210-464DA04797C8}.Release|Any CPU.ActiveCfg = Release|Any CPU
		{D0C579C4-1964-4DDB-9210-464DA04797C8}.Release|Any CPU.Build.0 = Release|Any CPU
		{AA41C9CC-5D5C-4F48-909A-C0690D390216}.Debug|Any CPU.ActiveCfg = Debug|Any CPU
		{AA41C9CC-5D5C-4F48-909A-C0690D390216}.Debug|Any CPU.Build.0 = Debug|Any CPU
		{AA41C9CC-5D5C-4F48-909A-C0690D390216}.Release|Any CPU.ActiveCfg = Release|Any CPU
		{AA41C9CC-5D5C-4F48-909A-C0690D390216}.Release|Any CPU.Build.0 = Release|Any CPU
		{6C8A58F2-0D85-47B7-9CF5-90654C0B216A}.Debug|Any CPU.ActiveCfg = Debug|Any CPU
		{6C8A58F2-0D85-47B7-9CF5-90654C0B216A}.Debug|Any CPU.Build.0 = Debug|Any CPU
		{6C8A58F2-0D85-47B7-9CF5-90654C0B216A}.Release|Any CPU.ActiveCfg = Release|Any CPU
		{6C8A58F2-0D85-47B7-9CF5-90654C0B216A}.Release|Any CPU.Build.0 = Release|Any CPU
		{44155309-5B97-45D4-90F7-40138C30136E}.Debug|Any CPU.ActiveCfg = Debug|Any CPU
		{44155309-5B97-45D4-90F7-40138C30136E}.Debug|Any CPU.Build.0 = Debug|Any CPU
		{44155309-5B97-45D4-90F7-40138C30136E}.Release|Any CPU.ActiveCfg = Release|Any CPU
		{44155309-5B97-45D4-90F7-40138C30136E}.Release|Any CPU.Build.0 = Release|Any CPU
	EndGlobalSection
	GlobalSection(SolutionProperties) = preSolution
		HideSolutionNode = FALSE
	EndGlobalSection
	GlobalSection(ExtensibilityGlobals) = postSolution
		SolutionGuid = {23718EED-E8F4-4106-BC89-8301F1053EA4}
	EndGlobalSection
EndGlobal
